
Microsoft Visual Studio Solution File, Format Version 12.00
Project("{FAE04EC0-301F-11D3-BF4B-00C04F79EFBC}") = "DepsAnalyzer", "DepsAnalyzer\DepsAnalyzer.csproj", "{BBAAFE78-E911-4D85-8955-ED9F00FCE0EB}"
EndProject
Global
	GlobalSection(SolutionConfigurationPlatforms) = preSolution
		Debug|Any CPU = Debug|Any CPU
		Release|Any CPU = Release|Any CPU
	EndGlobalSection
	GlobalSection(ProjectConfigurationPlatforms) = postSolution
		{BBAAFE78-E911-4D85-8955-ED9F00FCE0EB}.Debug|Any CPU.ActiveCfg = Debug|Any CPU
		{BBAAFE78-E911-4D85-8955-ED9F00FCE0EB}.Debug|Any CPU.Build.0 = Debug|Any CPU
		{BBAAFE78-E911-4D85-8955-ED9F00FCE0EB}.Release|Any CPU.ActiveCfg = Release|Any CPU
		{BBAAFE78-E911-4D85-8955-ED9F00FCE0EB}.Release|Any CPU.Build.0 = Release|Any CPU
	EndGlobalSection
EndGlobal
